<?xml version="1.0" encoding="utf-8"?>
<Project ToolsVersion="4.0" xmlns="http://schemas.microsoft.com/developer/msbuild/2003">
  <ItemGroup>
    <Filter Include="Source Files">
      <UniqueIdentifier>{4FC737F1-C7A5-4376-A066-2A32D752A2FF}</UniqueIdentifier>
      <Extensions>cpp;c;cc;cxx;def;odl;idl;hpj;bat;asm;asmx</Extensions>
    </Filter>
    <Filter Include="Header Files">
      <UniqueIdentifier>{93995380-89BD-4b04-88EB-625FBE52EBFB}</UniqueIdentifier>
      <Extensions>h;hh;hpp;hxx;hm;inl;inc;xsd</Extensions>
    </Filter>
    <Filter Include="Resource Files">
      <UniqueIdentifier>{67DA6AB6-F800-4c08-8B7A-83BB121AAD01}</UniqueIdentifier>
      <Extensions>rc;ico;cur;bmp;dlg;rc2;rct;bin;rgs;gif;jpg;jpeg;jpe;resx;tiff;tif;png;wav;mfcribbon-ms</Extensions>
    </Filter>
  </ItemGroup>
  <ItemGroup>
    <ClCompile Include="stdafx.cpp">
      <Filter>Source Files</Filter>
    </ClCompile>
    <ClCompile Include="redisclient\impl\redisasyncclient.cpp">
      <Filter>Source Files</Filter>
    </ClCompile>
    <ClCompile Include="redisclient\impl\redisclientimpl.cpp">
      <Filter>Source Files</Filter>
    </ClCompile>
    <ClCompile Include="redisclient\impl\redisparser.cpp">
      <Filter>Source Files</Filter>
    </ClCompile>
    <ClCompile Include="redisclient\impl\redissyncclient.cpp">
      <Filter>Source Files</Filter>
    </ClCompile>
    <ClCompile Include="redisclient\impl\redisvalue.cpp">
      <Filter>Source Files</Filter>
    </ClCompile>
    <ClCompile Include="InstrumentRuntime.cpp">
      <Filter>Source Files</Filter>
    </ClCompile>
    <ClCompile Include="socket_server.cpp">
      <Filter>Source Files</Filter>
    </ClCompile>
    <ClCompile Include="socket_session.cpp">
      <Filter>Source Files</Filter>
    </ClCompile>
    <ClCompile Include="session_manager.cpp">
      <Filter>Source Files</Filter>
    </ClCompile>
    <ClCompile Include="TLVPackage.cpp">
      <Filter>Source Files</Filter>
    </ClCompile>
    <ClCompile Include="ctp_message_def.cpp">
      <Filter>Source Files</Filter>
    </ClCompile>
    <ClCompile Include="InstrumentJsonHelper.cpp">
      <Filter>Source Files</Filter>
    </ClCompile>
    <ClCompile Include="ctp_account_mutex.cpp">
      <Filter>Source Files</Filter>
    </ClCompile>
    <ClCompile Include="ctp_simple_command_parser.cpp">
      <Filter>Source Files</Filter>
    </ClCompile>
    <ClCompile Include="TradeStrategyMain.cpp">
      <Filter>Source Files</Filter>
    </ClCompile>
    <ClCompile Include="strategy_redis_command_handler.cpp">
      <Filter>Source Files</Filter>
    </ClCompile>
    <ClCompile Include="my_future_strategy.cpp">
      <Filter>Source Files</Filter>
    </ClCompile>
    <ClCompile Include="my_strategy_manager.cpp">
      <Filter>Source Files</Filter>
    </ClCompile>
    <ClCompile Include="trade_strategy_argus.cpp">
      <Filter>Source Files</Filter>
    </ClCompile>
    <ClCompile Include="my_utils.cpp">
      <Filter>Source Files</Filter>
    </ClCompile>
    <ClCompile Include="strategy_redis_worker.cpp">
      <Filter>Source Files</Filter>
    </ClCompile>
    <ClCompile Include="lua_helper.cpp">
      <Filter>Source Files</Filter>
    </ClCompile>
    <ClCompile Include="HistoryItem.cpp">
      <Filter>Source Files</Filter>
    </ClCompile>
    <ClCompile Include="redis_heart_beat.cpp">
      <Filter>Source Files</Filter>
    </ClCompile>
    <ClCompile Include="strategy_context.cpp">
      <Filter>Source Files</Filter>
    </ClCompile>
    <ClCompile Include="kline_redis_worker.cpp">
      <Filter>Source Files</Filter>
    </ClCompile>
    <ClCompile Include="HistoryMysqlDb.cpp">
      <Filter>Source Files</Filter>
    </ClCompile>
  </ItemGroup>
  <ItemGroup>
    <ClInclude Include="resource.h">
      <Filter>Header Files</Filter>
    </ClInclude>
    <ClInclude Include="stdafx.h">
      <Filter>Header Files</Filter>
    </ClInclude>
    <ClInclude Include="targetver.h">
      <Filter>Header Files</Filter>
    </ClInclude>
    <ClInclude Include="api\ThostFtdcMdApi.h">
      <Filter>Header Files</Filter>
    </ClInclude>
    <ClInclude Include="api\ThostFtdcTraderApi.h">
      <Filter>Header Files</Filter>
    </ClInclude>
    <ClInclude Include="api\ThostFtdcUserApiDataType.h">
      <Filter>Header Files</Filter>
    </ClInclude>
    <ClInclude Include="api\ThostFtdcUserApiStruct.h">
      <Filter>Header Files</Filter>
    </ClInclude>
    <ClInclude Include="redisclient\config.h">
      <Filter>Header Files</Filter>
    </ClInclude>
    <ClInclude Include="redisclient\redisasyncclient.h">
      <Filter>Header Files</Filter>
    </ClInclude>
    <ClInclude Include="redisclient\redisbuffer.h">
      <Filter>Header Files</Filter>
    </ClInclude>
    <ClInclude Include="redisclient\redisclient.h">
      <Filter>Header Files</Filter>
    </ClInclude>
    <ClInclude Include="redisclient\redisparser.h">
      <Filter>Header Files</Filter>
    </ClInclude>
    <ClInclude Include="redisclient\redissyncclient.h">
      <Filter>Header Files</Filter>
    </ClInclude>
    <ClInclude Include="redisclient\redisvalue.h">
      <Filter>Header Files</Filter>
    </ClInclude>
    <ClInclude Include="redisclient\version.h">
      <Filter>Header Files</Filter>
    </ClInclude>
    <ClInclude Include="redisclient\impl\redisclientimpl.h">
      <Filter>Header Files</Filter>
    </ClInclude>
    <ClInclude Include="easylogging++.h">
      <Filter>Header Files</Filter>
    </ClInclude>
    <ClInclude Include="InstrumentRuntime.h">
      <Filter>Header Files</Filter>
    </ClInclude>
    <ClInclude Include="InstrumentJsonHelper.h">
      <Filter>Header Files</Filter>
    </ClInclude>
    <ClInclude Include="socket_server.h">
      <Filter>Header Files</Filter>
    </ClInclude>
    <ClInclude Include="socket_session.h">
      <Filter>Header Files</Filter>
    </ClInclude>
    <ClInclude Include="session_manager.h">
      <Filter>Header Files</Filter>
    </ClInclude>
    <ClInclude Include="TLVPackage.h">
      <Filter>Header Files</Filter>
    </ClInclude>
    <ClInclude Include="ctp_message_def.h">
      <Filter>Header Files</Filter>
    </ClInclude>
    <ClInclude Include="ctp_account_mutex.h">
      <Filter>Header Files</Filter>
    </ClInclude>
    <ClInclude Include="ctp_command_types.h">
      <Filter>Header Files</Filter>
    </ClInclude>
    <ClInclude Include="ctp_simple_command_parser.h">
      <Filter>Header Files</Filter>
    </ClInclude>
    <ClInclude Include="strategy_redis_command_handler.h">
      <Filter>Header Files</Filter>
    </ClInclude>
    <ClInclude Include="my_future_strategy.h">
      <Filter>Header Files</Filter>
    </ClInclude>
    <ClInclude Include="my_strategy_manager.h">
      <Filter>Header Files</Filter>
    </ClInclude>
    <ClInclude Include="trade_strategy_argus.h">
      <Filter>Header Files</Filter>
    </ClInclude>
    <ClInclude Include="my_utils.h">
      <Filter>Header Files</Filter>
    </ClInclude>
    <ClInclude Include="strategy_redis_worker.h">
      <Filter>Header Files</Filter>
    </ClInclude>
    <ClInclude Include="lua_helper.h">
      <Filter>Header Files</Filter>
    </ClInclude>
    <ClInclude Include="HistoryItem.h">
      <Filter>Header Files</Filter>
    </ClInclude>
    <ClInclude Include="redis_heart_beat.h">
      <Filter>Header Files</Filter>
    </ClInclude>
    <ClInclude Include="strategy_context.h">
      <Filter>Header Files</Filter>
    </ClInclude>
    <ClInclude Include="kline_redis_worker.h">
      <Filter>Header Files</Filter>
    </ClInclude>
    <ClInclude Include="HistoryMysqlDb.h">
      <Filter>Header Files</Filter>
    </ClInclude>
  </ItemGroup>
  <ItemGroup>
    <None Include="api\error.dtd" />
    <None Include="api\thostmduserapi.dll" />
    <None Include="api\thostmduserapi.so" />
    <None Include="api\thosttraderapi.dll" />
    <None Include="api\thosttraderapi.so" />
  </ItemGroup>
  <ItemGroup>
    <Xml Include="api\error.xml" />
  </ItemGroup>
  <ItemGroup>
    <Library Include="api\thostmduserapi.lib" />
    <Library Include="api\thosttraderapi.lib" />
  </ItemGroup>
  <ItemGroup>
    <Image Include="res\MyCTP2.ico">
      <Filter>Resource Files</Filter>
    </Image>
    <Image Include="res\MyCTP2Doc.ico">
      <Filter>Resource Files</Filter>
    </Image>
    <Image Include="res\Toolbar.bmp">
      <Filter>Resource Files</Filter>
    </Image>
    <Image Include="res\Toolbar256.bmp">
      <Filter>Resource Files</Filter>
    </Image>
  </ItemGroup>
</Project>